// !$*UTF8*$!
{
	archiveVersion = 1;
	classes = {
	};
	objectVersion = 46;
	objects = {

/* Begin PBXBuildFile section */
		768AF5811EFA288300EF408D /* AppDelegate.swift in Sources */ = {isa = PBXBuildFile; fileRef = 768AF5801EFA288300EF408D /* AppDelegate.swift */; };
		768AF5831EFA288300EF408D /* ViewController.swift in Sources */ = {isa = PBXBuildFile; fileRef = 768AF5821EFA288300EF408D /* ViewController.swift */; };
		768AF5861EFA288300EF408D /* Main.storyboard in Resources */ = {isa = PBXBuildFile; fileRef = 768AF5841EFA288300EF408D /* Main.storyboard */; };
		768AF5881EFA288300EF408D /* Assets.xcassets in Resources */ = {isa = PBXBuildFile; fileRef = 768AF5871EFA288300EF408D /* Assets.xcassets */; };
		768AF58B1EFA288300EF408D /* LaunchScreen.storyboard in Resources */ = {isa = PBXBuildFile; fileRef = 768AF5891EFA288300EF408D /* LaunchScreen.storyboard */; };
		768AF5961EFA288400EF408D /* Chap11_protocolSampleTests.swift in Sources */ = {isa = PBXBuildFile; fileRef = 768AF5951EFA288400EF408D /* Chap11_protocolSampleTests.swift */; };
		768AF5A11EFA288400EF408D /* Chap11_protocolSampleUITests.swift in Sources */ = {isa = PBXBuildFile; fileRef = 768AF5A01EFA288400EF408D /* Chap11_protocolSampleUITests.swift */; };
		768AF5B11EFA293D00EF408D /* lamp_off.png in Resources */ = {isa = PBXBuildFile; fileRef = 768AF5AF1EFA293D00EF408D /* lamp_off.png */; };
		768AF5B21EFA293D00EF408D /* lamp_on.png in Resources */ = {isa = PBXBuildFile; fileRef = 768AF5B01EFA293D00EF408D /* lamp_on.png */; };
		768AF5B41EFA294F00EF408D /* SwitchViewController.swift in Sources */ = {isa = PBXBuildFile; fileRef = 768AF5B31EFA294F00EF408D /* SwitchViewController.swift */; };
		768AF5B61EFA387100EF408D /* LastViewController.swift in Sources */ = {isa = PBXBuildFile; fileRef = 768AF5B51EFA387100EF408D /* LastViewController.swift */; };
/* End PBXBuildFile section */

/* Begin PBXContainerItemProxy section */
		768AF5921EFA288400EF408D /* PBXContainerItemProxy */ = {
			isa = PBXContainerItemProxy;
			containerPortal = 768AF5751EFA288300EF408D /* Project object */;
			proxyType = 1;
			remoteGlobalIDString = 768AF57C1EFA288300EF408D;
			remoteInfo = Chap11_protocolSample;
		};
		768AF59D1EFA288400EF408D /* PBXContainerItemProxy */ = {
			isa = PBXContainerItemProxy;
			containerPortal = 768AF5751EFA288300EF408D /* Project object */;
			proxyType = 1;
			remoteGlobalIDString = 768AF57C1EFA288300EF408D;
			remoteInfo = Chap11_protocolSample;
		};
/* End PBXContainerItemProxy section */

/* Begin PBXFileReference section */
		768AF57D1EFA288300EF408D /* Chap11_protocolSample.app */ = {isa = PBXFileReference; explicitFileType = wrapper.application; includeInIndex = 0; path = Chap11_protocolSample.app; sourceTree = BUILT_PRODUCTS_DIR; };
		768AF5801EFA288300EF408D /* AppDelegate.swift */ = {isa = PBXFileReference; lastKnownFileType = sourcecode.swift; path = AppDelegate.swift; sourceTree = "<group>"; };
		768AF5821EFA288300EF408D /* ViewController.swift */ = {isa = PBXFileReference; lastKnownFileType = sourcecode.swift; path = ViewController.swift; sourceTree = "<group>"; };
		768AF5851EFA288300EF408D /* Base */ = {isa = PBXFileReference; lastKnownFileType = file.storyboard; name = Base; path = Base.lproj/Main.storyboard; sourceTree = "<group>"; };
		768AF5871EFA288300EF408D /* Assets.xcassets */ = {isa = PBXFileReference; lastKnownFileType = folder.assetcatalog; path = Assets.xcassets; sourceTree = "<group>"; };
		768AF58A1EFA288300EF408D /* Base */ = {isa = PBXFileReference; lastKnownFileType = file.storyboard; name = Base; path = Base.lproj/LaunchScreen.storyboard; sourceTree = "<group>"; };
		768AF58C1EFA288300EF408D /* Info.plist */ = {isa = PBXFileReference; lastKnownFileType = text.plist.xml; path = Info.plist; sourceTree = "<group>"; };
		768AF5911EFA288400EF408D /* Chap11_protocolSampleTests.xctest */ = {isa = PBXFileReference; explicitFileType = wrapper.cfbundle; includeInIndex = 0; path = Chap11_protocolSampleTests.xctest; sourceTree = BUILT_PRODUCTS_DIR; };
		768AF5951EFA288400EF408D /* Chap11_protocolSampleTests.swift */ = {isa = PBXFileReference; lastKnownFileType = sourcecode.swift; path = Chap11_protocolSampleTests.swift; sourceTree = "<group>"; };
		768AF5971EFA288400EF408D /* Info.plist */ = {isa = PBXFileReference; lastKnownFileType = text.plist.xml; path = Info.plist; sourceTree = "<group>"; };
		768AF59C1EFA288400EF408D /* Chap11_protocolSampleUITests.xctest */ = {isa = PBXFileReference; explicitFileType = wrapper.cfbundle; includeInIndex = 0; path = Chap11_protocolSampleUITests.xctest; sourceTree = BUILT_PRODUCTS_DIR; };
		768AF5A01EFA288400EF408D /* Chap11_protocolSampleUITests.swift */ = {isa = PBXFileReference; lastKnownFileType = sourcecode.swift; path = Chap11_protocolSampleUITests.swift; sourceTree = "<group>"; };
		768AF5A21EFA288400EF408D /* Info.plist */ = {isa = PBXFileReference; lastKnownFileType = text.plist.xml; path = Info.plist; sourceTree = "<group>"; };
		768AF5AF1EFA293D00EF408D /* lamp_off.png */ = {isa = PBXFileReference; lastKnownFileType = image.png; path = lamp_off.png; sourceTree = "<group>"; };
		768AF5B01EFA293D00EF408D /* lamp_on.png */ = {isa = PBXFileReference; lastKnownFileType = image.png; path = lamp_on.png; sourceTree = "<group>"; };
		768AF5B31EFA294F00EF408D /* SwitchViewController.swift */ = {isa = PBXFileReference; fileEncoding = 4; lastKnownFileType = sourcecode.swift; path = SwitchViewController.swift; sourceTree = "<group>"; };
		768AF5B51EFA387100EF408D /* LastViewController.swift */ = {isa = PBXFileReference; fileEncoding = 4; lastKnownFileType = sourcecode.swift; path = LastViewController.swift; sourceTree = "<group>"; };
/* End PBXFileReference section */

/* Begin PBXFrameworksBuildPhase section */
		768AF57A1EFA288300EF408D /* Frameworks */ = {
			isa = PBXFrameworksBuildPhase;
			buildActionMask = 2147483647;
			files = (
			);
			runOnlyForDeploymentPostprocessing = 0;
		};
		768AF58E1EFA288400EF408D /* Frameworks */ = {
			isa = PBXFrameworksBuildPhase;
			buildActionMask = 2147483647;
			files = (
			);
			runOnlyForDeploymentPostprocessing = 0;
		};
		768AF5991EFA288400EF408D /* Frameworks */ = {
			isa = PBXFrameworksBuildPhase;
			buildActionMask = 2147483647;
			files = (
			);
			runOnlyForDeploymentPostprocessing = 0;
		};
/* End PBXFrameworksBuildPhase section */

/* Begin PBXGroup section */
		768AF5741EFA288300EF408D = {
			isa = PBXGroup;
			children = (
				768AF57F1EFA288300EF408D /* Chap11_protocolSample */,
				768AF5941EFA288400EF408D /* Chap11_protocolSampleTests */,
				768AF59F1EFA288400EF408D /* Chap11_protocolSampleUITests */,
				768AF57E1EFA288300EF408D /* Products */,
			);
			sourceTree = "<group>";
		};
		768AF57E1EFA288300EF408D /* Products */ = {
			isa = PBXGroup;
			children = (
				768AF57D1EFA288300EF408D /* Chap11_protocolSample.app */,
				768AF5911EFA288400EF408D /* Chap11_protocolSampleTests.xctest */,
				768AF59C1EFA288400EF408D /* Chap11_protocolSampleUITests.xctest */,
			);
			name = Products;
			sourceTree = "<group>";
		};
		768AF57F1EFA288300EF408D /* Chap11_protocolSample */ = {
			isa = PBXGroup;
			children = (
				768AF5AE1EFA293100EF408D /* img */,
				768AF5801EFA288300EF408D /* AppDelegate.swift */,
				768AF5821EFA288300EF408D /* ViewController.swift */,
				768AF5841EFA288300EF408D /* Main.storyboard */,
				768AF5871EFA288300EF408D /* Assets.xcassets */,
				768AF5891EFA288300EF408D /* LaunchScreen.storyboard */,
				768AF58C1EFA288300EF408D /* Info.plist */,
				768AF5B31EFA294F00EF408D /* SwitchViewController.swift */,
				768AF5B51EFA387100EF408D /* LastViewController.swift */,
			);
			path = Chap11_protocolSample;
			sourceTree = "<group>";
		};
		768AF5941EFA288400EF408D /* Chap11_protocolSampleTests */ = {
			isa = PBXGroup;
			children = (
				768AF5951EFA288400EF408D /* Chap11_protocolSampleTests.swift */,
				768AF5971EFA288400EF408D /* Info.plist */,
			);
			path = Chap11_protocolSampleTests;
			sourceTree = "<group>";
		};
		768AF59F1EFA288400EF408D /* Chap11_protocolSampleUITests */ = {
			isa = PBXGroup;
			children = (
				768AF5A01EFA288400EF408D /* Chap11_protocolSampleUITests.swift */,
				768AF5A21EFA288400EF408D /* Info.plist */,
			);
			path = Chap11_protocolSampleUITests;
			sourceTree = "<group>";
		};
		768AF5AE1EFA293100EF408D /* img */ = {
			isa = PBXGroup;
			children = (
				768AF5AF1EFA293D00EF408D /* lamp_off.png */,
				768AF5B01EFA293D00EF408D /* lamp_on.png */,
			);
			name = img;
			sourceTree = "<group>";
		};
/* End PBXGroup section */

/* Begin PBXNativeTarget section */
		768AF57C1EFA288300EF408D /* Chap11_protocolSample */ = {
			isa = PBXNativeTarget;
			buildConfigurationList = 768AF5A51EFA288400EF408D /* Build configuration list for PBXNativeTarget "Chap11_protocolSample" */;
			buildPhases = (
				768AF5791EFA288300EF408D /* Sources */,
				768AF57A1EFA288300EF408D /* Frameworks */,
				768AF57B1EFA288300EF408D /* Resources */,
			);
			buildRules = (
			);
			dependencies = (
			);
			name = Chap11_protocolSample;
			productName = Chap11_protocolSample;
			productReference = 768AF57D1EFA288300EF408D /* Chap11_protocolSample.app */;
			productType = "com.apple.product-type.application";
		};
		768AF5901EFA288400EF408D /* Chap11_protocolSampleTests */ = {
			isa = PBXNativeTarget;
			buildConfigurationList = 768AF5A81EFA288400EF408D /* Build configuration list for PBXNativeTarget "Chap11_protocolSampleTests" */;
			buildPhases = (
				768AF58D1EFA288400EF408D /* Sources */,
				768AF58E1EFA288400EF408D /* Frameworks */,
				768AF58F1EFA288400EF408D /* Resources */,
			);
			buildRules = (
			);
			dependencies = (
				768AF5931EFA288400EF408D /* PBXTargetDependency */,
			);
			name = Chap11_protocolSampleTests;
			productName = Chap11_protocolSampleTests;
			productReference = 768AF5911EFA288400EF408D /* Chap11_protocolSampleTests.xctest */;
			productType = "com.apple.product-type.bundle.unit-test";
		};
		768AF59B1EFA288400EF408D /* Chap11_protocolSampleUITests */ = {
			isa = PBXNativeTarget;
			buildConfigurationList = 768AF5AB1EFA288400EF408D /* Build configuration list for PBXNativeTarget "Chap11_protocolSampleUITests" */;
			buildPhases = (
				768AF5981EFA288400EF408D /* Sources */,
				768AF5991EFA288400EF408D /* Frameworks */,
				768AF59A1EFA288400EF408D /* Resources */,
			);
			buildRules = (
			);
			dependencies = (
				768AF59E1EFA288400EF408D /* PBXTargetDependency */,
			);
			name = Chap11_protocolSampleUITests;
			productName = Chap11_protocolSampleUITests;
			productReference = 768AF59C1EFA288400EF408D /* Chap11_protocolSampleUITests.xctest */;
			productType = "com.apple.product-type.bundle.ui-testing";
		};
/* End PBXNativeTarget section */

/* Begin PBXProject section */
		768AF5751EFA288300EF408D /* Project object */ = {
			isa = PBXProject;
			attributes = {
				LastSwiftUpdateCheck = 0830;
				LastUpgradeCheck = 0830;
				ORGANIZATIONNAME = kwon;
				TargetAttributes = {
					768AF57C1EFA288300EF408D = {
						CreatedOnToolsVersion = 8.3.2;
						ProvisioningStyle = Automatic;
					};
					768AF5901EFA288400EF408D = {
						CreatedOnToolsVersion = 8.3.2;
						ProvisioningStyle = Automatic;
						TestTargetID = 768AF57C1EFA288300EF408D;
					};
					768AF59B1EFA288400EF408D = {
						CreatedOnToolsVersion = 8.3.2;
						ProvisioningStyle = Automatic;
						TestTargetID = 768AF57C1EFA288300EF408D;
					};
				};
			};
			buildConfigurationList = 768AF5781EFA288300EF408D /* Build configuration list for PBXProject "Chap11_protocolSample" */;
			compatibilityVersion = "Xcode 3.2";
			developmentRegion = English;
			hasScannedForEncodings = 0;
			knownRegions = (
				en,
				Base,
			);
			mainGroup = 768AF5741EFA288300EF408D;
			productRefGroup = 768AF57E1EFA288300EF408D /* Products */;
			projectDirPath = "";
			projectRoot = "";
			targets = (
				768AF57C1EFA288300EF408D /* Chap11_protocolSample */,
				768AF5901EFA288400EF408D /* Chap11_protocolSampleTests */,
				768AF59B1EFA288400EF408D /* Chap11_protocolSampleUITests */,
			);
		};
/* End PBXProject section */

/* Begin PBXResourcesBuildPhase section */
		768AF57B1EFA288300EF408D /* Resources */ = {
			isa = PBXResourcesBuildPhase;
			buildActionMask = 2147483647;
			files = (
				768AF58B1EFA288300EF408D /* LaunchScreen.storyboard in Resources */,
				768AF5881EFA288300EF408D /* Assets.xcassets in Resources */,
				768AF5B21EFA293D00EF408D /* lamp_on.png in Resources */,
				768AF5861EFA288300EF408D /* Main.storyboard in Resources */,
				768AF5B11EFA293D00EF408D /* lamp_off.png in Resources */,
			);
			runOnlyForDeploymentPostprocessing = 0;
		};
		768AF58F1EFA288400EF408D /* Resources */ = {
			isa = PBXResourcesBuildPhase;
			buildActionMask = 2147483647;
			files = (
			);
			runOnlyForDeploymentPostprocessing = 0;
		};
		768AF59A1EFA288400EF408D /* Resources */ = {
			isa = PBXResourcesBuildPhase;
			buildActionMask = 2147483647;
			files = (
			);
			runOnlyForDeploymentPostprocessing = 0;
		};
/* End PBXResourcesBuildPhase section */

/* Begin PBXSourcesBuildPhase section */
		768AF5791EFA288300EF408D /* Sources */ = {
			isa = PBXSourcesBuildPhase;
			buildActionMask = 2147483647;
			files = (
				768AF5B41EFA294F00EF408D /* SwitchViewController.swift in Sources */,
				768AF5831EFA288300EF408D /* ViewController.swift in Sources */,
				768AF5B61EFA387100EF408D /* LastViewController.swift in Sources */,
				768AF5811EFA288300EF408D /* AppDelegate.swift in Sources */,
			);
			runOnlyForDeploymentPostprocessing = 0;
		};
		768AF58D1EFA288400EF408D /* Sources */ = {
			isa = PBXSourcesBuildPhase;
			buildActionMask = 2147483647;
			files = (
				768AF5961EFA288400EF408D /* Chap11_protocolSampleTests.swift in Sources */,
			);
			runOnlyForDeploymentPostprocessing = 0;
		};
		768AF5981EFA288400EF408D /* Sources */ = {
			isa = PBXSourcesBuildPhase;
			buildActionMask = 2147483647;
			files = (
				768AF5A11EFA288400EF408D /* Chap11_protocolSampleUITests.swift in Sources */,
			);
			runOnlyForDeploymentPostprocessing = 0;
		};
/* End PBXSourcesBuildPhase section */

/* Begin PBXTargetDependency section */
		768AF5931EFA288400EF408D /* PBXTargetDependency */ = {
			isa = PBXTargetDependency;
			target = 768AF57C1EFA288300EF408D /* Chap11_protocolSample */;
			targetProxy = 768AF5921EFA288400EF408D /* PBXContainerItemProxy */;
		};
		768AF59E1EFA288400EF408D /* PBXTargetDependency */ = {
			isa = PBXTargetDependency;
			target = 768AF57C1EFA288300EF408D /* Chap11_protocolSample */;
			targetProxy = 768AF59D1EFA288400EF408D /* PBXContainerItemProxy */;
		};
/* End PBXTargetDependency section */

/* Begin PBXVariantGroup section */
		768AF5841EFA288300EF408D /* Main.storyboard */ = {
			isa = PBXVariantGroup;
			children = (
				768AF5851EFA288300EF408D /* Base */,
			);
			name = Main.storyboard;
			sourceTree = "<group>";
		};
		768AF5891EFA288300EF408D /* LaunchScreen.storyboard */ = {
			isa = PBXVariantGroup;
			children = (
				768AF58A1EFA288300EF408D /* Base */,
			);
			name = LaunchScreen.storyboard;
			sourceTree = "<group>";
		};
/* End PBXVariantGroup section */

/* Begin XCBuildConfiguration section */
		768AF5A31EFA288400EF408D /* Debug */ = {
			isa = XCBuildConfiguration;
			buildSettings = {
				ALWAYS_SEARCH_USER_PATHS = NO;
				CLANG_ANALYZER_NONNULL = YES;
				CLANG_ANALYZER_NUMBER_OBJECT_CONVERSION = YES_AGGRESSIVE;
				CLANG_CXX_LANGUAGE_STANDARD = "gnu++0x";
				CLANG_CXX_LIBRARY = "libc++";
				CLANG_ENABLE_MODULES = YES;
				CLANG_ENABLE_OBJC_ARC = YES;
				CLANG_WARN_BOOL_CONVERSION = YES;
				CLANG_WARN_CONSTANT_CONVERSION = YES;
				CLANG_WARN_DIRECT_OBJC_ISA_USAGE = YES_ERROR;
				CLANG_WARN_DOCUMENTATION_COMMENTS = YES;
				CLANG_WARN_EMPTY_BODY = YES;
				CLANG_WARN_ENUM_CONVERSION = YES;
				CLANG_WARN_INFINITE_RECURSION = YES;
				CLANG_WARN_INT_CONVERSION = YES;
				CLANG_WARN_OBJC_ROOT_CLASS = YES_ERROR;
				CLANG_WARN_SUSPICIOUS_MOVE = YES;
				CLANG_WARN_UNREACHABLE_CODE = YES;
				CLANG_WARN__DUPLICATE_METHOD_MATCH = YES;
				"CODE_SIGN_IDENTITY[sdk=iphoneos*]" = "iPhone Developer";
				COPY_PHASE_STRIP = NO;
				DEBUG_INFORMATION_FORMAT = dwarf;
				ENABLE_STRICT_OBJC_MSGSEND = YES;
				ENABLE_TESTABILITY = YES;
				GCC_C_LANGUAGE_STANDARD = gnu99;
				GCC_DYNAMIC_NO_PIC = NO;
				GCC_NO_COMMON_BLOCKS = YES;
				GCC_OPTIMIZATION_LEVEL = 0;
				GCC_PREPROCESSOR_DEFINITIONS = (
					"DEBUG=1",
					"$(inherited)",
				);
				GCC_WARN_64_TO_32_BIT_CONVERSION = YES;
				GCC_WARN_ABOUT_RETURN_TYPE = YES_ERROR;
				GCC_WARN_UNDECLARED_SELECTOR = YES;
				GCC_WARN_UNINITIALIZED_AUTOS = YES_AGGRESSIVE;
				GCC_WARN_UNUSED_FUNCTION = YES;
				GCC_WARN_UNUSED_VARIABLE = YES;
				IPHONEOS_DEPLOYMENT_TARGET = 10.3;
				MTL_ENABLE_DEBUG_INFO = YES;
				ONLY_ACTIVE_ARCH = YES;
				SDKROOT = iphoneos;
				SWIFT_ACTIVE_COMPILATION_CONDITIONS = DEBUG;
				SWIFT_OPTIMIZATION_LEVEL = "-Onone";
				TARGETED_DEVICE_FAMILY = "1,2";
			};
			name = Debug;
		};
		768AF5A41EFA288400EF408D /* Release */ = {
			isa = XCBuildConfiguration;
			buildSettings = {
				ALWAYS_SEARCH_USER_PATHS = NO;
				CLANG_ANALYZER_NONNULL = YES;
				CLANG_ANALYZER_NUMBER_OBJECT_CONVERSION = YES_AGGRESSIVE;
				CLANG_CXX_LANGUAGE_STANDARD = "gnu++0x";
				CLANG_CXX_LIBRARY = "libc++";
				CLANG_ENABLE_MODULES = YES;
				CLANG_ENABLE_OBJC_ARC = YES;
				CLANG_WARN_BOOL_CONVERSION = YES;
				CLANG_WARN_CONSTANT_CONVERSION = YES;
				CLANG_WARN_DIRECT_OBJC_ISA_USAGE = YES_ERROR;
				CLANG_WARN_DOCUMENTATION_COMMENTS = YES;
				CLANG_WARN_EMPTY_BODY = YES;
				CLANG_WARN_ENUM_CONVERSION = YES;
				CLANG_WARN_INFINITE_RECURSION = YES;
				CLANG_WARN_INT_CONVERSION = YES;
				CLANG_WARN_OBJC_ROOT_CLASS = YES_ERROR;
				CLANG_WARN_SUSPICIOUS_MOVE = YES;
				CLANG_WARN_UNREACHABLE_CODE = YES;
				CLANG_WARN__DUPLICATE_METHOD_MATCH = YES;
				"CODE_SIGN_IDENTITY[sdk=iphoneos*]" = "iPhone Developer";
				COPY_PHASE_STRIP = NO;
				DEBUG_INFORMATION_FORMAT = "dwarf-with-dsym";
				ENABLE_NS_ASSERTIONS = NO;
				ENABLE_STRICT_OBJC_MSGSEND = YES;
				GCC_C_LANGUAGE_STANDARD = gnu99;
				GCC_NO_COMMON_BLOCKS = YES;
				GCC_WARN_64_TO_32_BIT_CONVERSION = YES;
				GCC_WARN_ABOUT_RETURN_TYPE = YES_ERROR;
				GCC_WARN_UNDECLARED_SELECTOR = YES;
				GCC_WARN_UNINITIALIZED_AUTOS = YES_AGGRESSIVE;
				GCC_WARN_UNUSED_FUNCTION = YES;
				GCC_WARN_UNUSED_VARIABLE = YES;
				IPHONEOS_DEPLOYMENT_TARGET = 10.3;
				MTL_ENABLE_DEBUG_INFO = NO;
				SDKROOT = iphoneos;
				SWIFT_OPTIMIZATION_LEVEL = "-Owholemodule";
				TARGETED_DEVICE_FAMILY = "1,2";
				VALIDATE_PRODUCT = YES;
			};
			name = Release;
		};
		768AF5A61EFA288400EF408D /* Debug */ = {
			isa = XCBuildConfiguration;
			buildSettings = {
				ASSETCATALOG_COMPILER_APPICON_NAME = AppIcon;
				INFOPLIST_FILE = Chap11_protocolSample/Info.plist;
				LD_RUNPATH_SEARCH_PATHS = "$(inherited) @executable_path/Frameworks";
				PRODUCT_BUNDLE_IDENTIFIER = "test.Chap11-protocolSample";
				PRODUCT_NAME = "$(TARGET_NAME)";
				SWIFT_VERSION = 3.0;
			};
			name = Debug;
		};
		768AF5A71EFA288400EF408D /* Release */ = {
			isa = XCBuildConfiguration;
			buildSettings = {
				ASSETCATALOG_COMPILER_APPICON_NAME = AppIcon;
				INFOPLIST_FILE = Chap11_protocolSample/Info.plist;
				LD_RUNPATH_SEARCH_PATHS = "$(inherited) @executable_path/Frameworks";
				PRODUCT_BUNDLE_IDENTIFIER = "test.Chap11-protocolSample";
				PRODUCT_NAME = "$(TARGET_NAME)";
				SWIFT_VERSION = 3.0;
			};
			name = Release;
		};
		768AF5A91EFA288400EF408D /* Debug */ = {
			isa = XCBuildConfiguration;
			buildSettings = {
				ALWAYS_EMBED_SWIFT_STANDARD_LIBRARIES = YES;
				BUNDLE_LOADER = "$(TEST_HOST)";
				INFOPLIST_FILE = Chap11_protocolSampleTests/Info.plist;
				LD_RUNPATH_SEARCH_PATHS = "$(inherited) @executable_path/Frameworks @loader_path/Frameworks";
				PRODUCT_BUNDLE_IDENTIFIER = "test.Chap11-protocolSampleTests";
				PRODUCT_NAME = "$(TARGET_NAME)";
				SWIFT_VERSION = 3.0;
				TEST_HOST = "$(BUILT_PRODUCTS_DIR)/Chap11_protocolSample.app/Chap11_protocolSample";
			};
			name = Debug;
		};
		768AF5AA1EFA288400EF408D /* Release */ = {
			isa = XCBuildConfiguration;
			buildSettings = {
				ALWAYS_EMBED_SWIFT_STANDARD_LIBRARIES = YES;
				BUNDLE_LOADER = "$(TEST_HOST)";
				INFOPLIST_FILE = Chap11_protocolSampleTests/Info.plist;
				LD_RUNPATH_SEARCH_PATHS = "$(inherited) @executable_path/Frameworks @loader_path/Frameworks";
				PRODUCT_BUNDLE_IDENTIFIER = "test.Chap11-protocolSampleTests";
				PRODUCT_NAME = "$(TARGET_NAME)";
				SWIFT_VERSION = 3.0;
				TEST_HOST = "$(BUILT_PRODUCTS_DIR)/Chap11_protocolSample.app/Chap11_protocolSample";
			};
			name = Release;
		};
		768AF5AC1EFA288400EF408D /* Debug */ = {
			isa = XCBuildConfiguration;
			buildSettings = {
				ALWAYS_EMBED_SWIFT_STANDARD_LIBRARIES = YES;
				INFOPLIST_FILE = Chap11_protocolSampleUITests/Info.plist;
				LD_RUNPATH_SEARCH_PATHS = "$(inherited) @executable_path/Frameworks @loader_path/Frameworks";
				PRODUCT_BUNDLE_IDENTIFIER = "test.Chap11-protocolSampleUITests";
				PRODUCT_NAME = "$(TARGET_NAME)";
				SWIFT_VERSION = 3.0;
				TEST_TARGET_NAME = Chap11_protocolSample;
			};
			name = Debug;
		};
		768AF5AD1EFA288400EF408D /* Release */ = {
			isa = XCBuildConfiguration;
			buildSettings = {
				ALWAYS_EMBED_SWIFT_STANDARD_LIBRARIES = YES;
				INFOPLIST_FILE = Chap11_protocolSampleUITests/Info.plist;
				LD_RUNPATH_SEARCH_PATHS = "$(inherited) @executable_path/Frameworks @loader_path/Frameworks";
				PRODUCT_BUNDLE_IDENTIFIER = "test.Chap11-protocolSampleUITests";
				PRODUCT_NAME = "$(TARGET_NAME)";
				SWIFT_VERSION = 3.0;
				TEST_TARGET_NAME = Chap11_protocolSample;
			};
			name = Release;
		};
/* End XCBuildConfiguration section */

/* Begin XCConfigurationList section */
		768AF5781EFA288300EF408D /* Build configuration list for PBXProject "Chap11_protocolSample" */ = {
			isa = XCConfigurationList;
			buildConfigurations = (
				768AF5A31EFA288400EF408D /* Debug */,
				768AF5A41EFA288400EF408D /* Release */,
			);
			defaultConfigurationIsVisible = 0;
			defaultConfigurationName = Release;
		};
		768AF5A51EFA288400EF408D /* Build configuration list for PBXNativeTarget "Chap11_protocolSample" */ = {
			isa = XCConfigurationList;
			buildConfigurations = (
				768AF5A61EFA288400EF408D /* Debug */,
				768AF5A71EFA288400EF408D /* Release */,
			);
			defaultConfigurationIsVisible = 0;
		};
		768AF5A81EFA288400EF408D /* Build configuration list for PBXNativeTarget "Chap11_protocolSampleTests" */ = {
			isa = XCConfigurationList;
			buildConfigurations = (
				768AF5A91EFA288400EF408D /* Debug */,
				768AF5AA1EFA288400EF408D /* Release */,
			);
			defaultConfigurationIsVisible = 0;
		};
		768AF5AB1EFA288400EF408D /* Build configuration list for PBXNativeTarget "Chap11_protocolSampleUITests" */ = {
			isa = XCConfigurationList;
			buildConfigurations = (
				768AF5AC1EFA288400EF408D /* Debug */,
				768AF5AD1EFA288400EF408D /* Release */,
			);
			defaultConfigurationIsVisible = 0;
		};
/* End XCConfigurationList section */
	};
	rootObject = 768AF5751EFA288300EF408D /* Project object */;
}
